
Microsoft Visual Studio Solution File, Format Version 12.00
# Visual Studio Version 17
VisualStudioVersion = 17.7.34031.279
MinimumVisualStudioVersion = 10.0.40219.1
Project("{FAE04EC0-301F-11D3-BF4B-00C04F79EFBC}") = "Polimorfismo", "Polimorfismo\Polimorfismo.csproj", "{39BF6821-E270-46C6-B2E5-9F7FF0A4B948}"
EndProject
Global
	GlobalSection(SolutionConfigurationPlatforms) = preSolution
		Debug|Any CPU = Debug|Any CPU
		Release|Any CPU = Release|Any CPU
	EndGlobalSection
	GlobalSection(ProjectConfigurationPlatforms) = postSolution
		{39BF6821-E270-46C6-B2E5-9F7FF0A4B948}.Debug|Any CPU.ActiveCfg = Debug|Any CPU
		{39BF6821-E270-46C6-B2E5-9F7FF0A4B948}.Debug|Any CPU.Build.0 = Debug|Any CPU
		{39BF6821-E270-46C6-B2E5-9F7FF0A4B948}.Release|Any CPU.ActiveCfg = Release|Any CPU
		{39BF6821-E270-46C6-B2E5-9F7FF0A4B948}.Release|Any CPU.Build.0 = Release|Any CPU
	EndGlobalSection
	GlobalSection(SolutionProperties) = preSolution
		HideSolutionNode = FALSE
	EndGlobalSection
	GlobalSection(ExtensibilityGlobals) = postSolution
		SolutionGuid = {DF97295F-9F56-4128-BEE2-304DC1966BF6}
	EndGlobalSection
EndGlobal
